# This file was autogenerated by Stack.
# You should not edit this file by hand.
# For more information, please see the documentation at:
#   https://docs.haskellstack.org/en/stable/lock_files

packages:
- completed:
    hackage: monad-bayes-1.1.0@sha256:8929887b2883e553b928dcc9b1326171c87b6aa26f11800dc8c55b119a9e9649,6123
    pantry-tree:
      sha256: bf7f9b1351226a957c7ebd0c42316505be713690cd9d44425bd9cfd494a94161
      size: 3568
  original:
    hackage: monad-bayes-1.1.0
snapshots:
- completed:
    sha256: 03cec7d96ed78877b03b5c2bc5e31015b47f69af2fe6a62d994a42b7a43c5805
    size: 648659
    url: https://raw.githubusercontent.com/commercialhaskell/stackage-snapshots/master/lts/20/3.yaml
  original:
    url: https://raw.githubusercontent.com/commercialhaskell/stackage-snapshots/master/lts/20/3.yaml
